
Microsoft Visual Studio Solution File, Format Version 12.00
# Visual Studio Version 17
VisualStudioVersion = 17.5.33530.505
MinimumVisualStudioVersion = 10.0.40219.1
Project("{9A19103F-16F7-4668-BE54-9A1E7A4F7556}") = "Kakao", "Kakao\Kakao.csproj", "{A214F9E8-EB05-4DB7-B66C-C3F3BDC7E56D}"
EndProject
Project("{9A19103F-16F7-4668-BE54-9A1E7A4F7556}") = "Kakao.Forms", "Kakao.Forms\Kakao.Forms.csproj", "{DB66FD8B-BA8B-440E-BE18-6927E8F33C27}"
EndProject
Project("{9A19103F-16F7-4668-BE54-9A1E7A4F7556}") = "Kakao.Login", "Kakao.Login\Kakao.Login.csproj", "{B39C2AFB-5AC4-4D8D-9051-F6557A4813A6}"
EndProject
Project("{2150E333-8FDC-42A3-9474-1A3956D46DE8}") = "Studio", "Studio", "{288E1E06-6BFD-457B-961A-02E5E3CC6BED}"
EndProject
Project("{2150E333-8FDC-42A3-9474-1A3956D46DE8}") = "Partial", "Partial", "{EB7C2F3F-9333-465A-B0FA-9D09F7115FCF}"
EndProject
Project("{9A19103F-16F7-4668-BE54-9A1E7A4F7556}") = "Kakao.Friends", "Kakao.Friends\Kakao.Friends.csproj", "{15825449-6BA0-4838-946A-620F7B2F8495}"
EndProject
Project("{2150E333-8FDC-42A3-9474-1A3956D46DE8}") = "Based", "Based", "{CBB68ED9-CAF3-4A24-9FF3-6B1A3CD61836}"
EndProject
Project("{9A19103F-16F7-4668-BE54-9A1E7A4F7556}") = "Kakao.Core", "Kakao.Core\Kakao.Core.csproj", "{2DC0BE2C-FD41-4456-A729-4EDA980AA509}"
EndProject
Project("{9A19103F-16F7-4668-BE54-9A1E7A4F7556}") = "Kakao.Main", "Kakao.Main\Kakao.Main.csproj", "{E5DB9CC3-44CD-4A6E-81DB-8D97A1D1C523}"
EndProject
Project("{9A19103F-16F7-4668-BE54-9A1E7A4F7556}") = "Kakao.Chats", "Kakao.Chats\Kakao.Chats.csproj", "{B0A55C29-5971-4EE6-8878-829871FC8027}"
EndProject
Project("{9A19103F-16F7-4668-BE54-9A1E7A4F7556}") = "Kakao.More", "Kakao.More\Kakao.More.csproj", "{3204E33A-D66A-4267-9AD4-7D3145811591}"
EndProject
Project("{2150E333-8FDC-42A3-9474-1A3956D46DE8}") = "Foundation", "Foundation", "{2D84C776-4313-4ABC-852E-543F6F16242F}"
EndProject
Project("{9A19103F-16F7-4668-BE54-9A1E7A4F7556}") = "Kakao.LayoutSupport", "Kakao.LayoutSupport\Kakao.LayoutSupport.csproj", "{84F3ACDF-291B-4CFC-A916-54679CAD6633}"
EndProject
Project("{9A19103F-16F7-4668-BE54-9A1E7A4F7556}") = "Kakao.Friends.Birth", "Kakao.Friends.Birth\Kakao.Friends.Birth.csproj", "{9B806CCB-8A58-45EC-8989-98FA499D3B7B}"
EndProject
Project("{2150E333-8FDC-42A3-9474-1A3956D46DE8}") = "Friends", "Friends", "{29B0BDCE-8C52-4F72-8295-C65E30906BAF}"
EndProject
Project("{FAE04EC0-301F-11D3-BF4B-00C04F79EFBC}") = "Kakao.Friends.Favorites", "Kakao.Friends.Favorites\Kakao.Friends.Favorites.csproj", "{7FB5ADB6-489E-415A-8FD4-F3BFC9D8E0CF}"
EndProject
Global
	GlobalSection(SolutionConfigurationPlatforms) = preSolution
		Debug|Any CPU = Debug|Any CPU
		Release|Any CPU = Release|Any CPU
	EndGlobalSection
	GlobalSection(ProjectConfigurationPlatforms) = postSolution
		{A214F9E8-EB05-4DB7-B66C-C3F3BDC7E56D}.Debug|Any CPU.ActiveCfg = Debug|Any CPU
		{A214F9E8-EB05-4DB7-B66C-C3F3BDC7E56D}.Debug|Any CPU.Build.0 = Debug|Any CPU
		{A214F9E8-EB05-4DB7-B66C-C3F3BDC7E56D}.Release|Any CPU.ActiveCfg = Release|Any CPU
		{A214F9E8-EB05-4DB7-B66C-C3F3BDC7E56D}.Release|Any CPU.Build.0 = Release|Any CPU
		{DB66FD8B-BA8B-440E-BE18-6927E8F33C27}.Debug|Any CPU.ActiveCfg = Debug|Any CPU
		{DB66FD8B-BA8B-440E-BE18-6927E8F33C27}.Debug|Any CPU.Build.0 = Debug|Any CPU
		{DB66FD8B-BA8B-440E-BE18-6927E8F33C27}.Release|Any CPU.ActiveCfg = Release|Any CPU
		{DB66FD8B-BA8B-440E-BE18-6927E8F33C27}.Release|Any CPU.Build.0 = Release|Any CPU
		{B39C2AFB-5AC4-4D8D-9051-F6557A4813A6}.Debug|Any CPU.ActiveCfg = Debug|Any CPU
		{B39C2AFB-5AC4-4D8D-9051-F6557A4813A6}.Debug|Any CPU.Build.0 = Debug|Any CPU
		{B39C2AFB-5AC4-4D8D-9051-F6557A4813A6}.Release|Any CPU.ActiveCfg = Release|Any CPU
		{B39C2AFB-5AC4-4D8D-9051-F6557A4813A6}.Release|Any CPU.Build.0 = Release|Any CPU
		{15825449-6BA0-4838-946A-620F7B2F8495}.Debug|Any CPU.ActiveCfg = Debug|Any CPU
		{15825449-6BA0-4838-946A-620F7B2F8495}.Debug|Any CPU.Build.0 = Debug|Any CPU
		{15825449-6BA0-4838-946A-620F7B2F8495}.Release|Any CPU.ActiveCfg = Release|Any CPU
		{15825449-6BA0-4838-946A-620F7B2F8495}.Release|Any CPU.Build.0 = Release|Any CPU
		{2DC0BE2C-FD41-4456-A729-4EDA980AA509}.Debug|Any CPU.ActiveCfg = Debug|Any CPU
		{2DC0BE2C-FD41-4456-A729-4EDA980AA509}.Debug|Any CPU.Build.0 = Debug|Any CPU
		{2DC0BE2C-FD41-4456-A729-4EDA980AA509}.Release|Any CPU.ActiveCfg = Release|Any CPU
		{2DC0BE2C-FD41-4456-A729-4EDA980AA509}.Release|Any CPU.Build.0 = Release|Any CPU
		{E5DB9CC3-44CD-4A6E-81DB-8D97A1D1C523}.Debug|Any CPU.ActiveCfg = Debug|Any CPU
		{E5DB9CC3-44CD-4A6E-81DB-8D97A1D1C523}.Debug|Any CPU.Build.0 = Debug|Any CPU
		{E5DB9CC3-44CD-4A6E-81DB-8D97A1D1C523}.Release|Any CPU.ActiveCfg = Release|Any CPU
		{E5DB9CC3-44CD-4A6E-81DB-8D97A1D1C523}.Release|Any CPU.Build.0 = Release|Any CPU
		{B0A55C29-5971-4EE6-8878-829871FC8027}.Debug|Any CPU.ActiveCfg = Debug|Any CPU
		{B0A55C29-5971-4EE6-8878-829871FC8027}.Debug|Any CPU.Build.0 = Debug|Any CPU
		{B0A55C29-5971-4EE6-8878-829871FC8027}.Release|Any CPU.ActiveCfg = Release|Any CPU
		{B0A55C29-5971-4EE6-8878-829871FC8027}.Release|Any CPU.Build.0 = Release|Any CPU
		{3204E33A-D66A-4267-9AD4-7D3145811591}.Debug|Any CPU.ActiveCfg = Debug|Any CPU
		{3204E33A-D66A-4267-9AD4-7D3145811591}.Debug|Any CPU.Build.0 = Debug|Any CPU
		{3204E33A-D66A-4267-9AD4-7D3145811591}.Release|Any CPU.ActiveCfg = Release|Any CPU
		{3204E33A-D66A-4267-9AD4-7D3145811591}.Release|Any CPU.Build.0 = Release|Any CPU
		{84F3ACDF-291B-4CFC-A916-54679CAD6633}.Debug|Any CPU.ActiveCfg = Debug|Any CPU
		{84F3ACDF-291B-4CFC-A916-54679CAD6633}.Debug|Any CPU.Build.0 = Debug|Any CPU
		{84F3ACDF-291B-4CFC-A916-54679CAD6633}.Release|Any CPU.ActiveCfg = Release|Any CPU
		{84F3ACDF-291B-4CFC-A916-54679CAD6633}.Release|Any CPU.Build.0 = Release|Any CPU
		{9B806CCB-8A58-45EC-8989-98FA499D3B7B}.Debug|Any CPU.ActiveCfg = Debug|Any CPU
		{9B806CCB-8A58-45EC-8989-98FA499D3B7B}.Debug|Any CPU.Build.0 = Debug|Any CPU
		{9B806CCB-8A58-45EC-8989-98FA499D3B7B}.Release|Any CPU.ActiveCfg = Release|Any CPU
		{9B806CCB-8A58-45EC-8989-98FA499D3B7B}.Release|Any CPU.Build.0 = Release|Any CPU
		{7FB5ADB6-489E-415A-8FD4-F3BFC9D8E0CF}.Debug|Any CPU.ActiveCfg = Debug|Any CPU
		{7FB5ADB6-489E-415A-8FD4-F3BFC9D8E0CF}.Debug|Any CPU.Build.0 = Debug|Any CPU
		{7FB5ADB6-489E-415A-8FD4-F3BFC9D8E0CF}.Release|Any CPU.ActiveCfg = Release|Any CPU
		{7FB5ADB6-489E-415A-8FD4-F3BFC9D8E0CF}.Release|Any CPU.Build.0 = Release|Any CPU
	EndGlobalSection
	GlobalSection(SolutionProperties) = preSolution
		HideSolutionNode = FALSE
	EndGlobalSection
	GlobalSection(NestedProjects) = preSolution
		{A214F9E8-EB05-4DB7-B66C-C3F3BDC7E56D} = {288E1E06-6BFD-457B-961A-02E5E3CC6BED}
		{DB66FD8B-BA8B-440E-BE18-6927E8F33C27} = {EB7C2F3F-9333-465A-B0FA-9D09F7115FCF}
		{B39C2AFB-5AC4-4D8D-9051-F6557A4813A6} = {EB7C2F3F-9333-465A-B0FA-9D09F7115FCF}
		{15825449-6BA0-4838-946A-620F7B2F8495} = {EB7C2F3F-9333-465A-B0FA-9D09F7115FCF}
		{2DC0BE2C-FD41-4456-A729-4EDA980AA509} = {CBB68ED9-CAF3-4A24-9FF3-6B1A3CD61836}
		{E5DB9CC3-44CD-4A6E-81DB-8D97A1D1C523} = {EB7C2F3F-9333-465A-B0FA-9D09F7115FCF}
		{B0A55C29-5971-4EE6-8878-829871FC8027} = {EB7C2F3F-9333-465A-B0FA-9D09F7115FCF}
		{3204E33A-D66A-4267-9AD4-7D3145811591} = {EB7C2F3F-9333-465A-B0FA-9D09F7115FCF}
		{84F3ACDF-291B-4CFC-A916-54679CAD6633} = {2D84C776-4313-4ABC-852E-543F6F16242F}
		{9B806CCB-8A58-45EC-8989-98FA499D3B7B} = {29B0BDCE-8C52-4F72-8295-C65E30906BAF}
		{29B0BDCE-8C52-4F72-8295-C65E30906BAF} = {EB7C2F3F-9333-465A-B0FA-9D09F7115FCF}
		{7FB5ADB6-489E-415A-8FD4-F3BFC9D8E0CF} = {29B0BDCE-8C52-4F72-8295-C65E30906BAF}
	EndGlobalSection
	GlobalSection(ExtensibilityGlobals) = postSolution
		SolutionGuid = {526684CF-7571-4416-9065-E6A93777EA4A}
	EndGlobalSection
EndGlobal
